{
  "name": "Catch-and-become-unique",
  "version": "1.0.0",
  "lockfileVersion": 2,
  "requires": true,
  "packages": {
    "": {
      "name": "Catch-and-become-unique",
      "version": "1.0.0",
      "dependencies": {
        "@babylonjs/core": "^5.0.0",
        "@babylonjs/gui": "^5.0.0",
        "babylon": "^6.18.0",
        "babylonjs": "^5.0.2"
      }
    },
    "node_modules/@babylonjs/core": {
      "version": "5.0.0",
      "resolved": "https://registry.npmjs.org/@babylonjs/core/-/core-5.0.0.tgz",
      "integrity": "sha512-AYzyQmVp7TjtNWYlLxQp5aVO+NooGWsSKHoTbYyBiizRLjYOpedQjx2nBVzJCxSiZQMD/yaXwSTwFaEd1/k+Nw==",
      "dependencies": {
        "tslib": "^2.3.1"
      }
    },
    "node_modules/@babylonjs/gui": {
      "version": "5.0.0",
      "resolved": "https://registry.npmjs.org/@babylonjs/gui/-/gui-5.0.0.tgz",
      "integrity": "sha512-IhV9SDkdHuhdxj+3fvTeJO20RUBAoEjiR1B06orRzA1MricKCD7YibY6AoPZYstKmAtUgSmsU/InI/4/NV7HWQ==",
      "dependencies": {
        "@babylonjs/core": "^5.0.0",
        "tslib": "^2.3.1"
      }
    },
    "node_modules/babylon": {
      "version": "6.18.0",
      "resolved": "https://registry.npmjs.org/babylon/-/babylon-6.18.0.tgz",
      "integrity": "sha512-q/UEjfGJ2Cm3oKV71DJz9d25TPnq5rhBVL2Q4fA5wcC3jcrdn7+SssEybFIxwAvvP+YCsCYNKughoF33GxgycQ==",
      "bin": {
        "babylon": "bin/babylon.js"
      }
    },
    "node_modules/babylonjs": {
      "version": "5.0.2",
      "resolved": "https://registry.npmjs.org/babylonjs/-/babylonjs-5.0.2.tgz",
      "integrity": "sha512-Yk1PxaEom5cp2zsJ/s7Eq0Jnptq2/LDhnwP4N9Ur99M35u/In5GPcaRasLXJdgttm8N60r7Y77vO+dYaLnxc8g=="
    },
    "node_modules/tslib": {
      "version": "2.3.1",
      "resolved": "https://registry.npmjs.org/tslib/-/tslib-2.3.1.tgz",
      "integrity": "sha512-77EbyPPpMz+FRFRuAFlWMtmgUWGe9UOG2Z25NqCwiIjRhOf5iKGuzSe5P2w1laq+FkRy4p+PCuVkJSGkzTEKVw=="
    }
  },
  "dependencies": {
    "@babylonjs/core": {
      "version": "5.0.0",
      "resolved": "https://registry.npmjs.org/@babylonjs/core/-/core-5.0.0.tgz",
      "integrity": "sha512-AYzyQmVp7TjtNWYlLxQp5aVO+NooGWsSKHoTbYyBiizRLjYOpedQjx2nBVzJCxSiZQMD/yaXwSTwFaEd1/k+Nw==",
      "requires": {
        "tslib": "^2.3.1"
      }
    },
    "@babylonjs/gui": {
      "version": "5.0.0",
      "resolved": "https://registry.npmjs.org/@babylonjs/gui/-/gui-5.0.0.tgz",
      "integrity": "sha512-IhV9SDkdHuhdxj+3fvTeJO20RUBAoEjiR1B06orRzA1MricKCD7YibY6AoPZYstKmAtUgSmsU/InI/4/NV7HWQ==",
      "requires": {
        "@babylonjs/core": "^5.0.0",
        "tslib": "^2.3.1"
      }
    },
    "babylon": {
      "version": "6.18.0",
      "resolved": "https://registry.npmjs.org/babylon/-/babylon-6.18.0.tgz",
      "integrity": "sha512-q/UEjfGJ2Cm3oKV71DJz9d25TPnq5rhBVL2Q4fA5wcC3jcrdn7+SssEybFIxwAvvP+YCsCYNKughoF33GxgycQ=="
    },
    "babylonjs": {
      "version": "5.0.2",
      "resolved": "https://registry.npmjs.org/babylonjs/-/babylonjs-5.0.2.tgz",
      "integrity": "sha512-Yk1PxaEom5cp2zsJ/s7Eq0Jnptq2/LDhnwP4N9Ur99M35u/In5GPcaRasLXJdgttm8N60r7Y77vO+dYaLnxc8g=="
    },
    "tslib": {
      "version": "2.3.1",
      "resolved": "https://registry.npmjs.org/tslib/-/tslib-2.3.1.tgz",
      "integrity": "sha512-77EbyPPpMz+FRFRuAFlWMtmgUWGe9UOG2Z25NqCwiIjRhOf5iKGuzSe5P2w1laq+FkRy4p+PCuVkJSGkzTEKVw=="
    }
  }
}
